
Microsoft Visual Studio Solution File, Format Version 12.00
# Visual Studio Version 17
VisualStudioVersion = 17.2.32526.322
MinimumVisualStudioVersion = 10.0.40219.1
Project("{FAE04EC0-301F-11D3-BF4B-00C04F79EFBC}") = "Sample_MLNET", "Sample_MLNET.csproj", "{3F03B7EC-3A6B-46D9-BE90-4D8DA5C47E4D}"
EndProject
Global
	GlobalSection(SolutionConfigurationPlatforms) = preSolution
		Debug|Any CPU = Debug|Any CPU
		Release|Any CPU = Release|Any CPU
	EndGlobalSection
	GlobalSection(ProjectConfigurationPlatforms) = postSolution
		{3F03B7EC-3A6B-46D9-BE90-4D8DA5C47E4D}.Debug|Any CPU.ActiveCfg = Debug|Any CPU
		{3F03B7EC-3A6B-46D9-BE90-4D8DA5C47E4D}.Debug|Any CPU.Build.0 = Debug|Any CPU
		{3F03B7EC-3A6B-46D9-BE90-4D8DA5C47E4D}.Release|Any CPU.ActiveCfg = Release|Any CPU
		{3F03B7EC-3A6B-46D9-BE90-4D8DA5C47E4D}.Release|Any CPU.Build.0 = Release|Any CPU
	EndGlobalSection
	GlobalSection(SolutionProperties) = preSolution
		HideSolutionNode = FALSE
	EndGlobalSection
	GlobalSection(ExtensibilityGlobals) = postSolution
		SolutionGuid = {E7F56C73-15AB-473D-A4C4-D2CE8DDADFD3}
	EndGlobalSection
EndGlobal
